
Microsoft Visual Studio Solution File, Format Version 12.00
# Visual Studio Version 16
VisualStudioVersion = 16.0.31729.503
MinimumVisualStudioVersion = 10.0.40219.1
Project("{FAE04EC0-301F-11D3-BF4B-00C04F79EFBC}") = "Mediatek86", "Mediatek86.csproj", "{A57D7EDE-678B-48FD-BFDA-B7167734FA3B}"
EndProject
Global
	GlobalSection(SolutionConfigurationPlatforms) = preSolution
		Debug|Any CPU = Debug|Any CPU
		Release|Any CPU = Release|Any CPU
	EndGlobalSection
	GlobalSection(ProjectConfigurationPlatforms) = postSolution
		{A57D7EDE-678B-48FD-BFDA-B7167734FA3B}.Debug|Any CPU.ActiveCfg = Debug|Any CPU
		{A57D7EDE-678B-48FD-BFDA-B7167734FA3B}.Debug|Any CPU.Build.0 = Debug|Any CPU
		{A57D7EDE-678B-48FD-BFDA-B7167734FA3B}.Release|Any CPU.ActiveCfg = Release|Any CPU
		{A57D7EDE-678B-48FD-BFDA-B7167734FA3B}.Release|Any CPU.Build.0 = Release|Any CPU
	EndGlobalSection
	GlobalSection(SolutionProperties) = preSolution
		HideSolutionNode = FALSE
	EndGlobalSection
	GlobalSection(ExtensibilityGlobals) = postSolution
		SolutionGuid = {103B967E-582C-4018-8176-79F4EE2B467C}
	EndGlobalSection
EndGlobal
